
Microsoft Visual Studio Solution File, Format Version 12.00
# Visual Studio Version 17
VisualStudioVersion = 17.5.33530.505
MinimumVisualStudioVersion = 10.0.40219.1
Project("{FAE04EC0-301F-11D3-BF4B-00C04F79EFBC}") = "simpleDotnetApp", "simpleDotnetApp\simpleDotnetApp.csproj", "{7FF1C2BA-3C6E-4942-81B3-028C2708B61E}"
EndProject
Global
	GlobalSection(SolutionConfigurationPlatforms) = preSolution
		Debug|Any CPU = Debug|Any CPU
		Release|Any CPU = Release|Any CPU
	EndGlobalSection
	GlobalSection(ProjectConfigurationPlatforms) = postSolution
		{7FF1C2BA-3C6E-4942-81B3-028C2708B61E}.Debug|Any CPU.ActiveCfg = Debug|Any CPU
		{7FF1C2BA-3C6E-4942-81B3-028C2708B61E}.Debug|Any CPU.Build.0 = Debug|Any CPU
		{7FF1C2BA-3C6E-4942-81B3-028C2708B61E}.Release|Any CPU.ActiveCfg = Release|Any CPU
		{7FF1C2BA-3C6E-4942-81B3-028C2708B61E}.Release|Any CPU.Build.0 = Release|Any CPU
	EndGlobalSection
	GlobalSection(SolutionProperties) = preSolution
		HideSolutionNode = FALSE
	EndGlobalSection
	GlobalSection(ExtensibilityGlobals) = postSolution
		SolutionGuid = {5F403FA3-5893-442C-B494-A5D2E643C188}
	EndGlobalSection
EndGlobal
